
Microsoft Visual Studio Solution File, Format Version 12.00
# Visual Studio Version 17
VisualStudioVersion = 17.1.31911.260
MinimumVisualStudioVersion = 10.0.40219.1
Project("{F2A71F9B-5D33-465A-A702-920D77279786}") = "WeatherForecast", "WeatherForecast\WeatherForecast.fsproj", "{51016DF8-85AA-4ECE-90DF-E1797B8409DC}"
EndProject
Global
	GlobalSection(SolutionConfigurationPlatforms) = preSolution
		Debug|Any CPU = Debug|Any CPU
		Release|Any CPU = Release|Any CPU
	EndGlobalSection
	GlobalSection(ProjectConfigurationPlatforms) = postSolution
		{51016DF8-85AA-4ECE-90DF-E1797B8409DC}.Debug|Any CPU.ActiveCfg = Debug|Any CPU
		{51016DF8-85AA-4ECE-90DF-E1797B8409DC}.Debug|Any CPU.Build.0 = Debug|Any CPU
		{51016DF8-85AA-4ECE-90DF-E1797B8409DC}.Release|Any CPU.ActiveCfg = Release|Any CPU
		{51016DF8-85AA-4ECE-90DF-E1797B8409DC}.Release|Any CPU.Build.0 = Release|Any CPU
	EndGlobalSection
	GlobalSection(SolutionProperties) = preSolution
		HideSolutionNode = FALSE
	EndGlobalSection
	GlobalSection(ExtensibilityGlobals) = postSolution
		SolutionGuid = {595A2379-FF0B-4753-98D4-C136D2810695}
	EndGlobalSection
EndGlobal
